
Microsoft Visual Studio Solution File, Format Version 12.00
# Visual Studio Version 16
VisualStudioVersion = 16.0.31105.61
MinimumVisualStudioVersion = 10.0.40219.1
Project("{FAE04EC0-301F-11D3-BF4B-00C04F79EFBC}") = "N2B2 POO", "N2B2 POO\N2B2 POO.csproj", "{BAFA02B8-BFB0-4D33-81C0-E0ED03AFCB3A}"
EndProject
Global
	GlobalSection(SolutionConfigurationPlatforms) = preSolution
		Debug|Any CPU = Debug|Any CPU
		Release|Any CPU = Release|Any CPU
	EndGlobalSection
	GlobalSection(ProjectConfigurationPlatforms) = postSolution
		{BAFA02B8-BFB0-4D33-81C0-E0ED03AFCB3A}.Debug|Any CPU.ActiveCfg = Debug|Any CPU
		{BAFA02B8-BFB0-4D33-81C0-E0ED03AFCB3A}.Debug|Any CPU.Build.0 = Debug|Any CPU
		{BAFA02B8-BFB0-4D33-81C0-E0ED03AFCB3A}.Release|Any CPU.ActiveCfg = Release|Any CPU
		{BAFA02B8-BFB0-4D33-81C0-E0ED03AFCB3A}.Release|Any CPU.Build.0 = Release|Any CPU
	EndGlobalSection
	GlobalSection(SolutionProperties) = preSolution
		HideSolutionNode = FALSE
	EndGlobalSection
	GlobalSection(ExtensibilityGlobals) = postSolution
		SolutionGuid = {7C891DFE-3168-4B2F-B053-864B02D1CDE0}
	EndGlobalSection
EndGlobal
